// !$*UTF8*$!
{
	archiveVersion = 1;
	classes = {
	};
	objectVersion = 50;
	objects = {

/* Begin PBXBuildFile section */
		501CA6B8230FED2600841356 /* AppDelegate.swift in Sources */ = {isa = PBXBuildFile; fileRef = 501CA6B7230FED2600841356 /* AppDelegate.swift */; };
		501CA6BA230FED2600841356 /* HomeViewController.swift in Sources */ = {isa = PBXBuildFile; fileRef = 501CA6B9230FED2600841356 /* HomeViewController.swift */; };
		501CA6BD230FED2600841356 /* Home.storyboard in Resources */ = {isa = PBXBuildFile; fileRef = 501CA6BB230FED2600841356 /* Home.storyboard */; };
		501CA6C0230FED2600841356 /* Lettearth.xcdatamodeld in Sources */ = {isa = PBXBuildFile; fileRef = 501CA6BE230FED2600841356 /* Lettearth.xcdatamodeld */; };
		501CA6C2230FED2700841356 /* Assets.xcassets in Resources */ = {isa = PBXBuildFile; fileRef = 501CA6C1230FED2700841356 /* Assets.xcassets */; };
		501CA6C5230FED2700841356 /* LaunchScreen.storyboard in Resources */ = {isa = PBXBuildFile; fileRef = 501CA6C3230FED2700841356 /* LaunchScreen.storyboard */; };
		503884BF2313E48E002FD5CC /* Category.swift in Sources */ = {isa = PBXBuildFile; fileRef = 503884BE2313E48E002FD5CC /* Category.swift */; };
		503884C12313E4D6002FD5CC /* Material.swift in Sources */ = {isa = PBXBuildFile; fileRef = 503884C02313E4D6002FD5CC /* Material.swift */; };
		503884C32313E520002FD5CC /* Item.swift in Sources */ = {isa = PBXBuildFile; fileRef = 503884C22313E520002FD5CC /* Item.swift */; };
		503884C52313E629002FD5CC /* Mail.swift in Sources */ = {isa = PBXBuildFile; fileRef = 503884C42313E629002FD5CC /* Mail.swift */; };
		503884C72313E695002FD5CC /* Card.swift in Sources */ = {isa = PBXBuildFile; fileRef = 503884C62313E695002FD5CC /* Card.swift */; };
		503884CF2313E7C3002FD5CC /* CloudKit.framework in Frameworks */ = {isa = PBXBuildFile; fileRef = 503884CE2313E7C3002FD5CC /* CloudKit.framework */; };
		503884D32314F3B2002FD5CC /* CategoryCollectionViewCell.swift in Sources */ = {isa = PBXBuildFile; fileRef = 503884D22314F3B2002FD5CC /* CategoryCollectionViewCell.swift */; };
		503884D52314F3E3002FD5CC /* MaterialCollectionViewCell.swift in Sources */ = {isa = PBXBuildFile; fileRef = 503884D42314F3E3002FD5CC /* MaterialCollectionViewCell.swift */; };
		51F2F6D82313CB2D00833975 /* CustomGradient.swift in Sources */ = {isa = PBXBuildFile; fileRef = 51F2F6D72313CB2D00833975 /* CustomGradient.swift */; };
/* End PBXBuildFile section */

/* Begin PBXFileReference section */
		501CA6B4230FED2600841356 /* Lettearth.app */ = {isa = PBXFileReference; explicitFileType = wrapper.application; includeInIndex = 0; path = Lettearth.app; sourceTree = BUILT_PRODUCTS_DIR; };
		501CA6B7230FED2600841356 /* AppDelegate.swift */ = {isa = PBXFileReference; lastKnownFileType = sourcecode.swift; path = AppDelegate.swift; sourceTree = "<group>"; };
		501CA6B9230FED2600841356 /* HomeViewController.swift */ = {isa = PBXFileReference; lastKnownFileType = sourcecode.swift; path = HomeViewController.swift; sourceTree = "<group>"; };
		501CA6BC230FED2600841356 /* Base */ = {isa = PBXFileReference; lastKnownFileType = file.storyboard; name = Base; path = Base.lproj/Home.storyboard; sourceTree = "<group>"; };
		501CA6BF230FED2600841356 /* Lettearth.xcdatamodel */ = {isa = PBXFileReference; lastKnownFileType = wrapper.xcdatamodel; path = Lettearth.xcdatamodel; sourceTree = "<group>"; };
		501CA6C1230FED2700841356 /* Assets.xcassets */ = {isa = PBXFileReference; lastKnownFileType = folder.assetcatalog; path = Assets.xcassets; sourceTree = "<group>"; };
		501CA6C4230FED2700841356 /* Base */ = {isa = PBXFileReference; lastKnownFileType = file.storyboard; name = Base; path = Base.lproj/LaunchScreen.storyboard; sourceTree = "<group>"; };
		501CA6C6230FED2700841356 /* Info.plist */ = {isa = PBXFileReference; lastKnownFileType = text.plist.xml; path = Info.plist; sourceTree = "<group>"; };
		503884BE2313E48E002FD5CC /* Category.swift */ = {isa = PBXFileReference; lastKnownFileType = sourcecode.swift; path = Category.swift; sourceTree = "<group>"; };
		503884C02313E4D6002FD5CC /* Material.swift */ = {isa = PBXFileReference; lastKnownFileType = sourcecode.swift; path = Material.swift; sourceTree = "<group>"; };
		503884C22313E520002FD5CC /* Item.swift */ = {isa = PBXFileReference; lastKnownFileType = sourcecode.swift; path = Item.swift; sourceTree = "<group>"; };
		503884C42313E629002FD5CC /* Mail.swift */ = {isa = PBXFileReference; lastKnownFileType = sourcecode.swift; path = Mail.swift; sourceTree = "<group>"; };
		503884C62313E695002FD5CC /* Card.swift */ = {isa = PBXFileReference; lastKnownFileType = sourcecode.swift; path = Card.swift; sourceTree = "<group>"; };
		503884CC2313E7C0002FD5CC /* Lettearth.entitlements */ = {isa = PBXFileReference; lastKnownFileType = text.plist.entitlements; path = Lettearth.entitlements; sourceTree = "<group>"; };
		503884CE2313E7C3002FD5CC /* CloudKit.framework */ = {isa = PBXFileReference; lastKnownFileType = wrapper.framework; name = CloudKit.framework; path = System/Library/Frameworks/CloudKit.framework; sourceTree = SDKROOT; };
		503884D22314F3B2002FD5CC /* CategoryCollectionViewCell.swift */ = {isa = PBXFileReference; lastKnownFileType = sourcecode.swift; path = CategoryCollectionViewCell.swift; sourceTree = "<group>"; };
		503884D42314F3E3002FD5CC /* MaterialCollectionViewCell.swift */ = {isa = PBXFileReference; lastKnownFileType = sourcecode.swift; path = MaterialCollectionViewCell.swift; sourceTree = "<group>"; };
		51F2F6D72313CB2D00833975 /* CustomGradient.swift */ = {isa = PBXFileReference; lastKnownFileType = sourcecode.swift; path = CustomGradient.swift; sourceTree = "<group>"; };
/* End PBXFileReference section */

/* Begin PBXFrameworksBuildPhase section */
		501CA6B1230FED2600841356 /* Frameworks */ = {
			isa = PBXFrameworksBuildPhase;
			buildActionMask = 2147483647;
			files = (
				503884CF2313E7C3002FD5CC /* CloudKit.framework in Frameworks */,
			);
			runOnlyForDeploymentPostprocessing = 0;
		};
/* End PBXFrameworksBuildPhase section */

/* Begin PBXGroup section */
		501CA6AB230FED2600841356 = {
			isa = PBXGroup;
			children = (
				501CA6B6230FED2600841356 /* Lettearth */,
				501CA6B5230FED2600841356 /* Products */,
				503884CD2313E7C3002FD5CC /* Frameworks */,
			);
			sourceTree = "<group>";
		};
		501CA6B5230FED2600841356 /* Products */ = {
			isa = PBXGroup;
			children = (
				501CA6B4230FED2600841356 /* Lettearth.app */,
			);
			name = Products;
			sourceTree = "<group>";
		};
		501CA6B6230FED2600841356 /* Lettearth */ = {
			isa = PBXGroup;
			children = (
				503884CC2313E7C0002FD5CC /* Lettearth.entitlements */,
				503884CB2313E77F002FD5CC /* Card */,
				503884CA2313E771002FD5CC /* Story */,
				503884C92313E76B002FD5CC /* Mail */,
				503884C82313E766002FD5CC /* Home */,
				503884BC2313E3FA002FD5CC /* Class */,
				51F2F6D92313CBE000833975 /* Custom Cocoa */,
				501CA6B7230FED2600841356 /* AppDelegate.swift */,
				501CA6C1230FED2700841356 /* Assets.xcassets */,
				501CA6C3230FED2700841356 /* LaunchScreen.storyboard */,
				501CA6C6230FED2700841356 /* Info.plist */,
				501CA6BE230FED2600841356 /* Lettearth.xcdatamodeld */,
			);
			path = Lettearth;
			sourceTree = "<group>";
		};
		503884BC2313E3FA002FD5CC /* Class */ = {
			isa = PBXGroup;
			children = (
				503884BE2313E48E002FD5CC /* Category.swift */,
				503884C02313E4D6002FD5CC /* Material.swift */,
				503884C22313E520002FD5CC /* Item.swift */,
				503884C42313E629002FD5CC /* Mail.swift */,
				503884C62313E695002FD5CC /* Card.swift */,
			);
			path = Class;
			sourceTree = "<group>";
		};
		503884C82313E766002FD5CC /* Home */ = {
			isa = PBXGroup;
			children = (
				501CA6B9230FED2600841356 /* HomeViewController.swift */,
				501CA6BB230FED2600841356 /* Home.storyboard */,
				503884D22314F3B2002FD5CC /* CategoryCollectionViewCell.swift */,
				503884D42314F3E3002FD5CC /* MaterialCollectionViewCell.swift */,
			);
			path = Home;
			sourceTree = "<group>";
		};
		503884C92313E76B002FD5CC /* Mail */ = {
			isa = PBXGroup;
			children = (
			);
			path = Mail;
			sourceTree = "<group>";
		};
		503884CA2313E771002FD5CC /* Story */ = {
			isa = PBXGroup;
			children = (
			);
			path = Story;
			sourceTree = "<group>";
		};
		503884CB2313E77F002FD5CC /* Card */ = {
			isa = PBXGroup;
			children = (
			);
			path = Card;
			sourceTree = "<group>";
		};
		503884CD2313E7C3002FD5CC /* Frameworks */ = {
			isa = PBXGroup;
			children = (
				503884CE2313E7C3002FD5CC /* CloudKit.framework */,
			);
			name = Frameworks;
			sourceTree = "<group>";
		};
		51F2F6D92313CBE000833975 /* Custom Cocoa */ = {
			isa = PBXGroup;
			children = (
				51F2F6D72313CB2D00833975 /* CustomGradient.swift */,
			);
			path = "Custom Cocoa";
			sourceTree = "<group>";
		};
/* End PBXGroup section */

/* Begin PBXNativeTarget section */
		501CA6B3230FED2600841356 /* Lettearth */ = {
			isa = PBXNativeTarget;
			buildConfigurationList = 501CA6C9230FED2700841356 /* Build configuration list for PBXNativeTarget "Lettearth" */;
			buildPhases = (
				501CA6B0230FED2600841356 /* Sources */,
				501CA6B1230FED2600841356 /* Frameworks */,
				501CA6B2230FED2600841356 /* Resources */,
			);
			buildRules = (
			);
			dependencies = (
			);
			name = Lettearth;
			productName = Lettearth;
			productReference = 501CA6B4230FED2600841356 /* Lettearth.app */;
			productType = "com.apple.product-type.application";
		};
/* End PBXNativeTarget section */

/* Begin PBXProject section */
		501CA6AC230FED2600841356 /* Project object */ = {
			isa = PBXProject;
			attributes = {
				LastSwiftUpdateCheck = 1020;
				LastUpgradeCheck = 1020;
				ORGANIZATIONNAME = "Ricky Effendi";
				TargetAttributes = {
					501CA6B3230FED2600841356 = {
						CreatedOnToolsVersion = 10.2.1;
						SystemCapabilities = {
							com.apple.Push = {
								enabled = 1;
							};
							com.apple.iCloud = {
								enabled = 1;
							};
						};
					};
				};
			};
			buildConfigurationList = 501CA6AF230FED2600841356 /* Build configuration list for PBXProject "Lettearth" */;
			compatibilityVersion = "Xcode 9.3";
			developmentRegion = en;
			hasScannedForEncodings = 0;
			knownRegions = (
				en,
				Base,
			);
			mainGroup = 501CA6AB230FED2600841356;
			productRefGroup = 501CA6B5230FED2600841356 /* Products */;
			projectDirPath = "";
			projectRoot = "";
			targets = (
				501CA6B3230FED2600841356 /* Lettearth */,
			);
		};
/* End PBXProject section */

/* Begin PBXResourcesBuildPhase section */
		501CA6B2230FED2600841356 /* Resources */ = {
			isa = PBXResourcesBuildPhase;
			buildActionMask = 2147483647;
			files = (
				501CA6C5230FED2700841356 /* LaunchScreen.storyboard in Resources */,
				501CA6C2230FED2700841356 /* Assets.xcassets in Resources */,
				501CA6BD230FED2600841356 /* Home.storyboard in Resources */,
			);
			runOnlyForDeploymentPostprocessing = 0;
		};
/* End PBXResourcesBuildPhase section */

/* Begin PBXSourcesBuildPhase section */
		501CA6B0230FED2600841356 /* Sources */ = {
			isa = PBXSourcesBuildPhase;
			buildActionMask = 2147483647;
			files = (
				503884C52313E629002FD5CC /* Mail.swift in Sources */,
				503884C72313E695002FD5CC /* Card.swift in Sources */,
				51F2F6D82313CB2D00833975 /* CustomGradient.swift in Sources */,
				503884BF2313E48E002FD5CC /* Category.swift in Sources */,
				503884D52314F3E3002FD5CC /* MaterialCollectionViewCell.swift in Sources */,
				501CA6BA230FED2600841356 /* HomeViewController.swift in Sources */,
				501CA6C0230FED2600841356 /* Lettearth.xcdatamodeld in Sources */,
				503884D32314F3B2002FD5CC /* CategoryCollectionViewCell.swift in Sources */,
				503884C32313E520002FD5CC /* Item.swift in Sources */,
				503884C12313E4D6002FD5CC /* Material.swift in Sources */,
				501CA6B8230FED2600841356 /* AppDelegate.swift in Sources */,
			);
			runOnlyForDeploymentPostprocessing = 0;
		};
/* End PBXSourcesBuildPhase section */

/* Begin PBXVariantGroup section */
		501CA6BB230FED2600841356 /* Home.storyboard */ = {
			isa = PBXVariantGroup;
			children = (
				501CA6BC230FED2600841356 /* Base */,
			);
			name = Home.storyboard;
			sourceTree = "<group>";
		};
		501CA6C3230FED2700841356 /* LaunchScreen.storyboard */ = {
			isa = PBXVariantGroup;
			children = (
				501CA6C4230FED2700841356 /* Base */,
			);
			name = LaunchScreen.storyboard;
			sourceTree = "<group>";
		};
/* End PBXVariantGroup section */

/* Begin XCBuildConfiguration section */
		501CA6C7230FED2700841356 /* Debug */ = {
			isa = XCBuildConfiguration;
			buildSettings = {
				ALWAYS_SEARCH_USER_PATHS = NO;
				CLANG_ANALYZER_NONNULL = YES;
				CLANG_ANALYZER_NUMBER_OBJECT_CONVERSION = YES_AGGRESSIVE;
				CLANG_CXX_LANGUAGE_STANDARD = "gnu++14";
				CLANG_CXX_LIBRARY = "libc++";
				CLANG_ENABLE_MODULES = YES;
				CLANG_ENABLE_OBJC_ARC = YES;
				CLANG_ENABLE_OBJC_WEAK = YES;
				CLANG_WARN_BLOCK_CAPTURE_AUTORELEASING = YES;
				CLANG_WARN_BOOL_CONVERSION = YES;
				CLANG_WARN_COMMA = YES;
				CLANG_WARN_CONSTANT_CONVERSION = YES;
				CLANG_WARN_DEPRECATED_OBJC_IMPLEMENTATIONS = YES;
				CLANG_WARN_DIRECT_OBJC_ISA_USAGE = YES_ERROR;
				CLANG_WARN_DOCUMENTATION_COMMENTS = YES;
				CLANG_WARN_EMPTY_BODY = YES;
				CLANG_WARN_ENUM_CONVERSION = YES;
				CLANG_WARN_INFINITE_RECURSION = YES;
				CLANG_WARN_INT_CONVERSION = YES;
				CLANG_WARN_NON_LITERAL_NULL_CONVERSION = YES;
				CLANG_WARN_OBJC_IMPLICIT_RETAIN_SELF = YES;
				CLANG_WARN_OBJC_LITERAL_CONVERSION = YES;
				CLANG_WARN_OBJC_ROOT_CLASS = YES_ERROR;
				CLANG_WARN_RANGE_LOOP_ANALYSIS = YES;
				CLANG_WARN_STRICT_PROTOTYPES = YES;
				CLANG_WARN_SUSPICIOUS_MOVE = YES;
				CLANG_WARN_UNGUARDED_AVAILABILITY = YES_AGGRESSIVE;
				CLANG_WARN_UNREACHABLE_CODE = YES;
				CLANG_WARN__DUPLICATE_METHOD_MATCH = YES;
				CODE_SIGN_IDENTITY = "iPhone Developer";
				COPY_PHASE_STRIP = NO;
				DEBUG_INFORMATION_FORMAT = dwarf;
				ENABLE_STRICT_OBJC_MSGSEND = YES;
				ENABLE_TESTABILITY = YES;
				GCC_C_LANGUAGE_STANDARD = gnu11;
				GCC_DYNAMIC_NO_PIC = NO;
				GCC_NO_COMMON_BLOCKS = YES;
				GCC_OPTIMIZATION_LEVEL = 0;
				GCC_PREPROCESSOR_DEFINITIONS = (
					"DEBUG=1",
					"$(inherited)",
				);
				GCC_WARN_64_TO_32_BIT_CONVERSION = YES;
				GCC_WARN_ABOUT_RETURN_TYPE = YES_ERROR;
				GCC_WARN_UNDECLARED_SELECTOR = YES;
				GCC_WARN_UNINITIALIZED_AUTOS = YES_AGGRESSIVE;
				GCC_WARN_UNUSED_FUNCTION = YES;
				GCC_WARN_UNUSED_VARIABLE = YES;
				IPHONEOS_DEPLOYMENT_TARGET = 12.2;
				MTL_ENABLE_DEBUG_INFO = INCLUDE_SOURCE;
				MTL_FAST_MATH = YES;
				ONLY_ACTIVE_ARCH = YES;
				SDKROOT = iphoneos;
				SWIFT_ACTIVE_COMPILATION_CONDITIONS = DEBUG;
				SWIFT_OPTIMIZATION_LEVEL = "-Onone";
			};
			name = Debug;
		};
		501CA6C8230FED2700841356 /* Release */ = {
			isa = XCBuildConfiguration;
			buildSettings = {
				ALWAYS_SEARCH_USER_PATHS = NO;
				CLANG_ANALYZER_NONNULL = YES;
				CLANG_ANALYZER_NUMBER_OBJECT_CONVERSION = YES_AGGRESSIVE;
				CLANG_CXX_LANGUAGE_STANDARD = "gnu++14";
				CLANG_CXX_LIBRARY = "libc++";
				CLANG_ENABLE_MODULES = YES;
				CLANG_ENABLE_OBJC_ARC = YES;
				CLANG_ENABLE_OBJC_WEAK = YES;
				CLANG_WARN_BLOCK_CAPTURE_AUTORELEASING = YES;
				CLANG_WARN_BOOL_CONVERSION = YES;
				CLANG_WARN_COMMA = YES;
				CLANG_WARN_CONSTANT_CONVERSION = YES;
				CLANG_WARN_DEPRECATED_OBJC_IMPLEMENTATIONS = YES;
				CLANG_WARN_DIRECT_OBJC_ISA_USAGE = YES_ERROR;
				CLANG_WARN_DOCUMENTATION_COMMENTS = YES;
				CLANG_WARN_EMPTY_BODY = YES;
				CLANG_WARN_ENUM_CONVERSION = YES;
				CLANG_WARN_INFINITE_RECURSION = YES;
				CLANG_WARN_INT_CONVERSION = YES;
				CLANG_WARN_NON_LITERAL_NULL_CONVERSION = YES;
				CLANG_WARN_OBJC_IMPLICIT_RETAIN_SELF = YES;
				CLANG_WARN_OBJC_LITERAL_CONVERSION = YES;
				CLANG_WARN_OBJC_ROOT_CLASS = YES_ERROR;
				CLANG_WARN_RANGE_LOOP_ANALYSIS = YES;
				CLANG_WARN_STRICT_PROTOTYPES = YES;
				CLANG_WARN_SUSPICIOUS_MOVE = YES;
				CLANG_WARN_UNGUARDED_AVAILABILITY = YES_AGGRESSIVE;
				CLANG_WARN_UNREACHABLE_CODE = YES;
				CLANG_WARN__DUPLICATE_METHOD_MATCH = YES;
				CODE_SIGN_IDENTITY = "iPhone Developer";
				COPY_PHASE_STRIP = NO;
				DEBUG_INFORMATION_FORMAT = "dwarf-with-dsym";
				ENABLE_NS_ASSERTIONS = NO;
				ENABLE_STRICT_OBJC_MSGSEND = YES;
				GCC_C_LANGUAGE_STANDARD = gnu11;
				GCC_NO_COMMON_BLOCKS = YES;
				GCC_WARN_64_TO_32_BIT_CONVERSION = YES;
				GCC_WARN_ABOUT_RETURN_TYPE = YES_ERROR;
				GCC_WARN_UNDECLARED_SELECTOR = YES;
				GCC_WARN_UNINITIALIZED_AUTOS = YES_AGGRESSIVE;
				GCC_WARN_UNUSED_FUNCTION = YES;
				GCC_WARN_UNUSED_VARIABLE = YES;
				IPHONEOS_DEPLOYMENT_TARGET = 12.2;
				MTL_ENABLE_DEBUG_INFO = NO;
				MTL_FAST_MATH = YES;
				SDKROOT = iphoneos;
				SWIFT_COMPILATION_MODE = wholemodule;
				SWIFT_OPTIMIZATION_LEVEL = "-O";
				VALIDATE_PRODUCT = YES;
			};
			name = Release;
		};
		501CA6CA230FED2700841356 /* Debug */ = {
			isa = XCBuildConfiguration;
			buildSettings = {
				ASSETCATALOG_COMPILER_APPICON_NAME = AppIcon;
				CODE_SIGN_ENTITLEMENTS = Lettearth/Lettearth.entitlements;
				CODE_SIGN_STYLE = Automatic;
				DEVELOPMENT_TEAM = 5N3X6F7MRF;
				INFOPLIST_FILE = Lettearth/Info.plist;
				LD_RUNPATH_SEARCH_PATHS = (
					"$(inherited)",
					"@executable_path/Frameworks",
				);
				PRODUCT_BUNDLE_IDENTIFIER = com.rickyeffendi.Lettearth;
				PRODUCT_NAME = "$(TARGET_NAME)";
				SWIFT_VERSION = 5.0;
				TARGETED_DEVICE_FAMILY = "1,2";
			};
			name = Debug;
		};
		501CA6CB230FED2700841356 /* Release */ = {
			isa = XCBuildConfiguration;
			buildSettings = {
				ASSETCATALOG_COMPILER_APPICON_NAME = AppIcon;
				CODE_SIGN_ENTITLEMENTS = Lettearth/Lettearth.entitlements;
				CODE_SIGN_STYLE = Automatic;
				DEVELOPMENT_TEAM = 5N3X6F7MRF;
				INFOPLIST_FILE = Lettearth/Info.plist;
				LD_RUNPATH_SEARCH_PATHS = (
					"$(inherited)",
					"@executable_path/Frameworks",
				);
				PRODUCT_BUNDLE_IDENTIFIER = com.rickyeffendi.Lettearth;
				PRODUCT_NAME = "$(TARGET_NAME)";
				SWIFT_VERSION = 5.0;
				TARGETED_DEVICE_FAMILY = "1,2";
			};
			name = Release;
		};
/* End XCBuildConfiguration section */

/* Begin XCConfigurationList section */
		501CA6AF230FED2600841356 /* Build configuration list for PBXProject "Lettearth" */ = {
			isa = XCConfigurationList;
			buildConfigurations = (
				501CA6C7230FED2700841356 /* Debug */,
				501CA6C8230FED2700841356 /* Release */,
			);
			defaultConfigurationIsVisible = 0;
			defaultConfigurationName = Release;
		};
		501CA6C9230FED2700841356 /* Build configuration list for PBXNativeTarget "Lettearth" */ = {
			isa = XCConfigurationList;
			buildConfigurations = (
				501CA6CA230FED2700841356 /* Debug */,
				501CA6CB230FED2700841356 /* Release */,
			);
			defaultConfigurationIsVisible = 0;
			defaultConfigurationName = Release;
		};
/* End XCConfigurationList section */

/* Begin XCVersionGroup section */
		501CA6BE230FED2600841356 /* Lettearth.xcdatamodeld */ = {
			isa = XCVersionGroup;
			children = (
				501CA6BF230FED2600841356 /* Lettearth.xcdatamodel */,
			);
			currentVersion = 501CA6BF230FED2600841356 /* Lettearth.xcdatamodel */;
			path = Lettearth.xcdatamodeld;
			sourceTree = "<group>";
			versionGroupType = wrapper.xcdatamodel;
		};
/* End XCVersionGroup section */
	};
	rootObject = 501CA6AC230FED2600841356 /* Project object */;
}
